# THIS IS AN AUTOGENERATED FILE. DO NOT EDIT THIS FILE DIRECTLY.
# yarn lockfile v1


async-limiter@~1.0.0:
  version "1.0.0"
  resolved "https://registry.yarnpkg.com/async-limiter/-/async-limiter-1.0.0.tgz#78faed8c3d074ab81f22b4e985d79e8738f720f8"
  integrity sha512-jp/uFnooOiO+L211eZOoSyzpOITMXx1rBITauYykG3BRYPu8h0UcxsPNB04RR5vo4Tyz3+ay17tR6JVf9qzYWg==

csv-writer@^1.2.0:
  version "1.2.0"
  resolved "https://registry.yarnpkg.com/csv-writer/-/csv-writer-1.2.0.tgz#b81a818e297e05308e9b1fc2f8c9342e0206cfea"
  integrity sha512-ZU7eZ26y7oIOXwFHhTNnT/tF6RXMdQnuTGofzNTe1cvXacZm3Ixd7Oa9mOp2f1t39Ezfzg0h5tqfOjXM180BOg==

fixparser@^2.7.4:
  version "2.7.4"
  resolved "https://registry.yarnpkg.com/fixparser/-/fixparser-2.7.4.tgz#65a75fd7cc00b83a9c32667a2ec26ca4b1eb8698"
  integrity sha512-XUThH9GXHuAmmvOCpH+MSQ+4aD06yHKUjm5tiDYtwCQtbZE4LILzuG76t8FVrU1FYPrK2LnkRUDDX14Ao0Hlaw==
  dependencies:
    ws "^6.1.2"

moment@^2.24.0:
  version "2.24.0"
  resolved "https://registry.yarnpkg.com/moment/-/moment-2.24.0.tgz#0d055d53f5052aa653c9f6eb68bb5d12bf5c2b5b"
  integrity sha512-bV7f+6l2QigeBBZSM/6yTNq4P2fNpSWj/0e7jQcy87A8e7o2nAfP/34/2ky5Vw4B9S446EtIhodAzkFCcR4dQg==

ws@^6.1.2:
  version "6.2.1"
  resolved "https://registry.yarnpkg.com/ws/-/ws-6.2.1.tgz#442fdf0a47ed64f59b6a5d8ff130f4748ed524fb"
  integrity sha512-GIyAXC2cB7LjvpgMt9EKS2ldqr0MTrORaleiOno6TweZ6r3TKtoFQWay/2PceJ3RuBasOHzXNn5Lrw1X0bEjqA==
  dependencies:
    async-limiter "~1.0.0"
